
Microsoft Visual Studio Solution File, Format Version 12.00
# Visual Studio 14
VisualStudioVersion = 14.0.23107.0
MinimumVisualStudioVersion = 10.0.40219.1
Project("{2150E333-8FDC-42A3-9474-1A3956D46DE8}") = "Core", "Core", "{4B2AB36C-F1B4-4CB3-B94C-966BBD61ED42}"
EndProject
Project("{FAE04EC0-301F-11D3-BF4B-00C04F79EFBC}") = "MattEland.Ani.Alfred.Core", "MattEland.Ani.Alfred.Core\MattEland.Ani.Alfred.Core.csproj", "{549F22E5-1F66-4420-89BF-9460603F9516}"
EndProject
Project("{FAE04EC0-301F-11D3-BF4B-00C04F79EFBC}") = "AlfredTests", "MattELand.Ani.Alfred.Core.Tests\AlfredTests.csproj", "{1E642C50-D294-4003-80AC-3D92CA92DBE3}"
EndProject
Project("{2150E333-8FDC-42A3-9474-1A3956D46DE8}") = "Client", "Client", "{19C5600C-235A-4B95-B57D-8EC061FF44D7}"
EndProject
Project("{FAE04EC0-301F-11D3-BF4B-00C04F79EFBC}") = "MattEland.Ani.Alfred.WPF", "MattEland.Ani.Alfred.WPF\MattEland.Ani.Alfred.WPF.csproj", "{E13E88B6-23C9-40EA-B10B-B8E52541B221}"
EndProject
Project("{2150E333-8FDC-42A3-9474-1A3956D46DE8}") = "Solution Items", "Solution Items", "{A47042C4-F451-4062-8025-59386DAA7BF0}"
	ProjectSection(SolutionItems) = preProject
		Alfred Code Analysis.ruleset = Alfred Code Analysis.ruleset
		Alfred.EAP = Alfred.EAP
		Alfred.ndproj = Alfred.ndproj
		AlfredAppTestCertificate.snk = AlfredAppTestCertificate.snk
		AlfredTests.dcvr = AlfredTests.dcvr
		DotCoverSettings.xml = DotCoverSettings.xml
		RunCoverage.bat = RunCoverage.bat
	EndProjectSection
EndProject
Project("{FAE04EC0-301F-11D3-BF4B-00C04F79EFBC}") = "MattEland.Ani.Alfred.Core.Modules.SysMonitor", "MattEland.Ani.Alfred.Core.System\MattEland.Ani.Alfred.Core.Modules.SysMonitor.csproj", "{85194081-752D-48FC-A240-82C9974353D4}"
EndProject
Project("{FAE04EC0-301F-11D3-BF4B-00C04F79EFBC}") = "MattEland.Ani.Alfred.Core.Speech", "MattEland.Ani.Alfred.Core.Speech\MattEland.Ani.Alfred.Core.Speech.csproj", "{AB933947-863E-455F-ABA9-A8866EAC1894}"
EndProject
Project("{FAE04EC0-301F-11D3-BF4B-00C04F79EFBC}") = "MattEland.Ani.Alfred.Chat", "MattEland.Ani.Alfred.AIML\MattEland.Ani.Alfred.Chat.csproj", "{3A25074A-351A-471E-AAF8-171A0E66F83A}"
EndProject
Project("{2150E333-8FDC-42A3-9474-1A3956D46DE8}") = "Tests", "Tests", "{F8E42D0B-BC19-43B5-BF57-0CF46AC785C5}"
EndProject
Project("{FAE04EC0-301F-11D3-BF4B-00C04F79EFBC}") = "MattEland.Common", "MattEland.Common\MattEland.Common.csproj", "{514CB422-A6EF-4C75-B925-92AB599BA1BE}"
EndProject
Project("{FAE04EC0-301F-11D3-BF4B-00C04F79EFBC}") = "MattEland.Ani.Alfred.Chat.Aiml", "MattEland.Ani.Alfred.Chat.Aiml\MattEland.Ani.Alfred.Chat.Aiml.csproj", "{818801E4-7862-409A-8E92-4F66800324EB}"
EndProject
Project("{FAE04EC0-301F-11D3-BF4B-00C04F79EFBC}") = "MattEland.Ani.Alfred.PresentationAvalon", "MattEland.Ani.Alfred.PresentationShared\MattEland.Ani.Alfred.PresentationAvalon.csproj", "{B4E5BAAE-27A8-456E-B0AC-3117E1E6EDDF}"
EndProject
Project("{FAE04EC0-301F-11D3-BF4B-00C04F79EFBC}") = "MattEland.Ani.Alfred.VisualStudio", "MattEland.Ani.Alfred.VisualStudio\MattEland.Ani.Alfred.VisualStudio.csproj", "{54ACFB38-EF59-4D5F-A652-DEA2B8ECD2B7}"
EndProject
Project("{FAE04EC0-301F-11D3-BF4B-00C04F79EFBC}") = "Manticore", "Manticore\Manticore\Manticore.csproj", "{F63E7BC1-9E96-4FEB-98AE-FB253A5E9635}"
EndProject
Project("{FAE04EC0-301F-11D3-BF4B-00C04F79EFBC}") = "Manticore.Test", "Manticore\Manticore.Test\Manticore.Test.csproj", "{2CFEBF6C-582A-497E-BF28-615E29913751}"
EndProject
Project("{FAE04EC0-301F-11D3-BF4B-00C04F79EFBC}") = "Manticore.Vsix", "Manticore\Manticore.Vsix\Manticore.Vsix.csproj", "{47BE1AD4-9546-4CB4-98EE-D3B5B7876E9E}"
EndProject
Project("{FAE04EC0-301F-11D3-BF4B-00C04F79EFBC}") = "MattEland.Testing", "MattEland.Testing\MattEland.Testing.csproj", "{913569FC-7B28-432F-A29A-8ACC7A1A5FBC}"
EndProject
Project("{FAE04EC0-301F-11D3-BF4B-00C04F79EFBC}") = "MattEland.Ani.Alfred.Search.Bing", "MattEland.Ani.Alfred.Search.Bing\MattEland.Ani.Alfred.Search.Bing.csproj", "{383E44C8-1CC9-4793-8E88-F65CAD4955CF}"
EndProject
Project("{FAE04EC0-301F-11D3-BF4B-00C04F79EFBC}") = "MattEland.Ani.Alfred.Search.GitHub", "MattEland.Ani.Alfred.Search.GitHub\MattEland.Ani.Alfred.Search.GitHub.csproj", "{B96783CD-2B8A-406A-AF2C-4C4E99952B14}"
EndProject
Project("{FAE04EC0-301F-11D3-BF4B-00C04F79EFBC}") = "MattEland.Ani.Alfred.WinUniversal", "MattEland.Ani.Alfred.WinUniversal\MattEland.Ani.Alfred.WinUniversal.csproj", "{31802C8A-7E49-45F3-9926-FF1CD9824ADF}"
EndProject
Project("{FAE04EC0-301F-11D3-BF4B-00C04F79EFBC}") = "MattEland.Ani.Alfred.PresentationUniversal", "MattEland.Ani.Alfred.PresentationUniversal\MattEland.Ani.Alfred.PresentationUniversal.csproj", "{9C043913-2BB0-4481-A411-353561AFE4B8}"
EndProject
Project("{2150E333-8FDC-42A3-9474-1A3956D46DE8}") = "Presentation", "Presentation", "{56869A12-135A-436E-B03B-293E0454CBCE}"
EndProject
Project("{2150E333-8FDC-42A3-9474-1A3956D46DE8}") = "Subsystems", "Subsystems", "{E0D06BE8-1682-41C3-9E42-FD2BBC329AD1}"
EndProject
Project("{2150E333-8FDC-42A3-9474-1A3956D46DE8}") = "Chat", "Chat", "{6A07E562-52C4-4961-A976-2F8D81A050D7}"
EndProject
Project("{FAE04EC0-301F-11D3-BF4B-00C04F79EFBC}") = "MattEland.Ani.Alfred.PresentationCommon", "MattEland.Ani.Alfred.PresentationCommon\MattEland.Ani.Alfred.PresentationCommon.csproj", "{84A80AEB-ADEF-4490-93B1-5378F52094FA}"
EndProject
Global
	GlobalSection(SolutionConfigurationPlatforms) = preSolution
		Debug|Any CPU = Debug|Any CPU
		Debug|ARM = Debug|ARM
		Debug|x64 = Debug|x64
		Debug|x86 = Debug|x86
		Release|Any CPU = Release|Any CPU
		Release|ARM = Release|ARM
		Release|x64 = Release|x64
		Release|x86 = Release|x86
	EndGlobalSection
	GlobalSection(ProjectConfigurationPlatforms) = postSolution
		{549F22E5-1F66-4420-89BF-9460603F9516}.Debug|Any CPU.ActiveCfg = Debug|Any CPU
		{549F22E5-1F66-4420-89BF-9460603F9516}.Debug|Any CPU.Build.0 = Debug|Any CPU
		{549F22E5-1F66-4420-89BF-9460603F9516}.Debug|ARM.ActiveCfg = Debug|Any CPU
		{549F22E5-1F66-4420-89BF-9460603F9516}.Debug|ARM.Build.0 = Debug|Any CPU
		{549F22E5-1F66-4420-89BF-9460603F9516}.Debug|x64.ActiveCfg = Debug|Any CPU
		{549F22E5-1F66-4420-89BF-9460603F9516}.Debug|x64.Build.0 = Debug|Any CPU
		{549F22E5-1F66-4420-89BF-9460603F9516}.Debug|x86.ActiveCfg = Debug|Any CPU
		{549F22E5-1F66-4420-89BF-9460603F9516}.Debug|x86.Build.0 = Debug|Any CPU
		{549F22E5-1F66-4420-89BF-9460603F9516}.Release|Any CPU.ActiveCfg = Release|Any CPU
		{549F22E5-1F66-4420-89BF-9460603F9516}.Release|Any CPU.Build.0 = Release|Any CPU
		{549F22E5-1F66-4420-89BF-9460603F9516}.Release|ARM.ActiveCfg = Release|Any CPU
		{549F22E5-1F66-4420-89BF-9460603F9516}.Release|ARM.Build.0 = Release|Any CPU
		{549F22E5-1F66-4420-89BF-9460603F9516}.Release|x64.ActiveCfg = Release|Any CPU
		{549F22E5-1F66-4420-89BF-9460603F9516}.Release|x64.Build.0 = Release|Any CPU
		{549F22E5-1F66-4420-89BF-9460603F9516}.Release|x86.ActiveCfg = Release|Any CPU
		{549F22E5-1F66-4420-89BF-9460603F9516}.Release|x86.Build.0 = Release|Any CPU
		{1E642C50-D294-4003-80AC-3D92CA92DBE3}.Debug|Any CPU.ActiveCfg = Debug|Any CPU
		{1E642C50-D294-4003-80AC-3D92CA92DBE3}.Debug|Any CPU.Build.0 = Debug|Any CPU
		{1E642C50-D294-4003-80AC-3D92CA92DBE3}.Debug|ARM.ActiveCfg = Debug|Any CPU
		{1E642C50-D294-4003-80AC-3D92CA92DBE3}.Debug|ARM.Build.0 = Debug|Any CPU
		{1E642C50-D294-4003-80AC-3D92CA92DBE3}.Debug|x64.ActiveCfg = Debug|Any CPU
		{1E642C50-D294-4003-80AC-3D92CA92DBE3}.Debug|x64.Build.0 = Debug|Any CPU
		{1E642C50-D294-4003-80AC-3D92CA92DBE3}.Debug|x86.ActiveCfg = Debug|Any CPU
		{1E642C50-D294-4003-80AC-3D92CA92DBE3}.Debug|x86.Build.0 = Debug|Any CPU
		{1E642C50-D294-4003-80AC-3D92CA92DBE3}.Release|Any CPU.ActiveCfg = Release|Any CPU
		{1E642C50-D294-4003-80AC-3D92CA92DBE3}.Release|Any CPU.Build.0 = Release|Any CPU
		{1E642C50-D294-4003-80AC-3D92CA92DBE3}.Release|ARM.ActiveCfg = Release|Any CPU
		{1E642C50-D294-4003-80AC-3D92CA92DBE3}.Release|ARM.Build.0 = Release|Any CPU
		{1E642C50-D294-4003-80AC-3D92CA92DBE3}.Release|x64.ActiveCfg = Release|Any CPU
		{1E642C50-D294-4003-80AC-3D92CA92DBE3}.Release|x64.Build.0 = Release|Any CPU
		{1E642C50-D294-4003-80AC-3D92CA92DBE3}.Release|x86.ActiveCfg = Release|Any CPU
		{1E642C50-D294-4003-80AC-3D92CA92DBE3}.Release|x86.Build.0 = Release|Any CPU
		{E13E88B6-23C9-40EA-B10B-B8E52541B221}.Debug|Any CPU.ActiveCfg = Debug|Any CPU
		{E13E88B6-23C9-40EA-B10B-B8E52541B221}.Debug|Any CPU.Build.0 = Debug|Any CPU
		{E13E88B6-23C9-40EA-B10B-B8E52541B221}.Debug|ARM.ActiveCfg = Debug|Any CPU
		{E13E88B6-23C9-40EA-B10B-B8E52541B221}.Debug|ARM.Build.0 = Debug|Any CPU
		{E13E88B6-23C9-40EA-B10B-B8E52541B221}.Debug|x64.ActiveCfg = Debug|Any CPU
		{E13E88B6-23C9-40EA-B10B-B8E52541B221}.Debug|x64.Build.0 = Debug|Any CPU
		{E13E88B6-23C9-40EA-B10B-B8E52541B221}.Debug|x86.ActiveCfg = Debug|Any CPU
		{E13E88B6-23C9-40EA-B10B-B8E52541B221}.Debug|x86.Build.0 = Debug|Any CPU
		{E13E88B6-23C9-40EA-B10B-B8E52541B221}.Release|Any CPU.ActiveCfg = Release|Any CPU
		{E13E88B6-23C9-40EA-B10B-B8E52541B221}.Release|Any CPU.Build.0 = Release|Any CPU
		{E13E88B6-23C9-40EA-B10B-B8E52541B221}.Release|ARM.ActiveCfg = Release|Any CPU
		{E13E88B6-23C9-40EA-B10B-B8E52541B221}.Release|ARM.Build.0 = Release|Any CPU
		{E13E88B6-23C9-40EA-B10B-B8E52541B221}.Release|x64.ActiveCfg = Release|Any CPU
		{E13E88B6-23C9-40EA-B10B-B8E52541B221}.Release|x64.Build.0 = Release|Any CPU
		{E13E88B6-23C9-40EA-B10B-B8E52541B221}.Release|x86.ActiveCfg = Release|Any CPU
		{E13E88B6-23C9-40EA-B10B-B8E52541B221}.Release|x86.Build.0 = Release|Any CPU
		{85194081-752D-48FC-A240-82C9974353D4}.Debug|Any CPU.ActiveCfg = Debug|Any CPU
		{85194081-752D-48FC-A240-82C9974353D4}.Debug|Any CPU.Build.0 = Debug|Any CPU
		{85194081-752D-48FC-A240-82C9974353D4}.Debug|ARM.ActiveCfg = Debug|Any CPU
		{85194081-752D-48FC-A240-82C9974353D4}.Debug|ARM.Build.0 = Debug|Any CPU
		{85194081-752D-48FC-A240-82C9974353D4}.Debug|x64.ActiveCfg = Debug|Any CPU
		{85194081-752D-48FC-A240-82C9974353D4}.Debug|x64.Build.0 = Debug|Any CPU
		{85194081-752D-48FC-A240-82C9974353D4}.Debug|x86.ActiveCfg = Debug|Any CPU
		{85194081-752D-48FC-A240-82C9974353D4}.Debug|x86.Build.0 = Debug|Any CPU
		{85194081-752D-48FC-A240-82C9974353D4}.Release|Any CPU.ActiveCfg = Release|Any CPU
		{85194081-752D-48FC-A240-82C9974353D4}.Release|Any CPU.Build.0 = Release|Any CPU
		{85194081-752D-48FC-A240-82C9974353D4}.Release|ARM.ActiveCfg = Release|Any CPU
		{85194081-752D-48FC-A240-82C9974353D4}.Release|ARM.Build.0 = Release|Any CPU
		{85194081-752D-48FC-A240-82C9974353D4}.Release|x64.ActiveCfg = Release|Any CPU
		{85194081-752D-48FC-A240-82C9974353D4}.Release|x64.Build.0 = Release|Any CPU
		{85194081-752D-48FC-A240-82C9974353D4}.Release|x86.ActiveCfg = Release|Any CPU
		{85194081-752D-48FC-A240-82C9974353D4}.Release|x86.Build.0 = Release|Any CPU
		{AB933947-863E-455F-ABA9-A8866EAC1894}.Debug|Any CPU.ActiveCfg = Debug|Any CPU
		{AB933947-863E-455F-ABA9-A8866EAC1894}.Debug|Any CPU.Build.0 = Debug|Any CPU
		{AB933947-863E-455F-ABA9-A8866EAC1894}.Debug|ARM.ActiveCfg = Debug|Any CPU
		{AB933947-863E-455F-ABA9-A8866EAC1894}.Debug|ARM.Build.0 = Debug|Any CPU
		{AB933947-863E-455F-ABA9-A8866EAC1894}.Debug|x64.ActiveCfg = Debug|Any CPU
		{AB933947-863E-455F-ABA9-A8866EAC1894}.Debug|x64.Build.0 = Debug|Any CPU
		{AB933947-863E-455F-ABA9-A8866EAC1894}.Debug|x86.ActiveCfg = Debug|Any CPU
		{AB933947-863E-455F-ABA9-A8866EAC1894}.Debug|x86.Build.0 = Debug|Any CPU
		{AB933947-863E-455F-ABA9-A8866EAC1894}.Release|Any CPU.ActiveCfg = Release|Any CPU
		{AB933947-863E-455F-ABA9-A8866EAC1894}.Release|Any CPU.Build.0 = Release|Any CPU
		{AB933947-863E-455F-ABA9-A8866EAC1894}.Release|ARM.ActiveCfg = Release|Any CPU
		{AB933947-863E-455F-ABA9-A8866EAC1894}.Release|ARM.Build.0 = Release|Any CPU
		{AB933947-863E-455F-ABA9-A8866EAC1894}.Release|x64.ActiveCfg = Release|Any CPU
		{AB933947-863E-455F-ABA9-A8866EAC1894}.Release|x64.Build.0 = Release|Any CPU
		{AB933947-863E-455F-ABA9-A8866EAC1894}.Release|x86.ActiveCfg = Release|Any CPU
		{AB933947-863E-455F-ABA9-A8866EAC1894}.Release|x86.Build.0 = Release|Any CPU
		{3A25074A-351A-471E-AAF8-171A0E66F83A}.Debug|Any CPU.ActiveCfg = Debug|Any CPU
		{3A25074A-351A-471E-AAF8-171A0E66F83A}.Debug|Any CPU.Build.0 = Debug|Any CPU
		{3A25074A-351A-471E-AAF8-171A0E66F83A}.Debug|ARM.ActiveCfg = Debug|Any CPU
		{3A25074A-351A-471E-AAF8-171A0E66F83A}.Debug|ARM.Build.0 = Debug|Any CPU
		{3A25074A-351A-471E-AAF8-171A0E66F83A}.Debug|x64.ActiveCfg = Debug|Any CPU
		{3A25074A-351A-471E-AAF8-171A0E66F83A}.Debug|x64.Build.0 = Debug|Any CPU
		{3A25074A-351A-471E-AAF8-171A0E66F83A}.Debug|x86.ActiveCfg = Debug|Any CPU
		{3A25074A-351A-471E-AAF8-171A0E66F83A}.Debug|x86.Build.0 = Debug|Any CPU
		{3A25074A-351A-471E-AAF8-171A0E66F83A}.Release|Any CPU.ActiveCfg = Release|Any CPU
		{3A25074A-351A-471E-AAF8-171A0E66F83A}.Release|Any CPU.Build.0 = Release|Any CPU
		{3A25074A-351A-471E-AAF8-171A0E66F83A}.Release|ARM.ActiveCfg = Release|Any CPU
		{3A25074A-351A-471E-AAF8-171A0E66F83A}.Release|ARM.Build.0 = Release|Any CPU
		{3A25074A-351A-471E-AAF8-171A0E66F83A}.Release|x64.ActiveCfg = Release|Any CPU
		{3A25074A-351A-471E-AAF8-171A0E66F83A}.Release|x64.Build.0 = Release|Any CPU
		{3A25074A-351A-471E-AAF8-171A0E66F83A}.Release|x86.ActiveCfg = Release|Any CPU
		{3A25074A-351A-471E-AAF8-171A0E66F83A}.Release|x86.Build.0 = Release|Any CPU
		{514CB422-A6EF-4C75-B925-92AB599BA1BE}.Debug|Any CPU.ActiveCfg = Debug|Any CPU
		{514CB422-A6EF-4C75-B925-92AB599BA1BE}.Debug|Any CPU.Build.0 = Debug|Any CPU
		{514CB422-A6EF-4C75-B925-92AB599BA1BE}.Debug|ARM.ActiveCfg = Debug|Any CPU
		{514CB422-A6EF-4C75-B925-92AB599BA1BE}.Debug|ARM.Build.0 = Debug|Any CPU
		{514CB422-A6EF-4C75-B925-92AB599BA1BE}.Debug|x64.ActiveCfg = Debug|Any CPU
		{514CB422-A6EF-4C75-B925-92AB599BA1BE}.Debug|x64.Build.0 = Debug|Any CPU
		{514CB422-A6EF-4C75-B925-92AB599BA1BE}.Debug|x86.ActiveCfg = Debug|Any CPU
		{514CB422-A6EF-4C75-B925-92AB599BA1BE}.Debug|x86.Build.0 = Debug|Any CPU
		{514CB422-A6EF-4C75-B925-92AB599BA1BE}.Release|Any CPU.ActiveCfg = Release|Any CPU
		{514CB422-A6EF-4C75-B925-92AB599BA1BE}.Release|Any CPU.Build.0 = Release|Any CPU
		{514CB422-A6EF-4C75-B925-92AB599BA1BE}.Release|ARM.ActiveCfg = Release|Any CPU
		{514CB422-A6EF-4C75-B925-92AB599BA1BE}.Release|ARM.Build.0 = Release|Any CPU
		{514CB422-A6EF-4C75-B925-92AB599BA1BE}.Release|x64.ActiveCfg = Release|Any CPU
		{514CB422-A6EF-4C75-B925-92AB599BA1BE}.Release|x64.Build.0 = Release|Any CPU
		{514CB422-A6EF-4C75-B925-92AB599BA1BE}.Release|x86.ActiveCfg = Release|Any CPU
		{514CB422-A6EF-4C75-B925-92AB599BA1BE}.Release|x86.Build.0 = Release|Any CPU
		{818801E4-7862-409A-8E92-4F66800324EB}.Debug|Any CPU.ActiveCfg = Debug|Any CPU
		{818801E4-7862-409A-8E92-4F66800324EB}.Debug|Any CPU.Build.0 = Debug|Any CPU
		{818801E4-7862-409A-8E92-4F66800324EB}.Debug|ARM.ActiveCfg = Debug|Any CPU
		{818801E4-7862-409A-8E92-4F66800324EB}.Debug|ARM.Build.0 = Debug|Any CPU
		{818801E4-7862-409A-8E92-4F66800324EB}.Debug|x64.ActiveCfg = Debug|Any CPU
		{818801E4-7862-409A-8E92-4F66800324EB}.Debug|x64.Build.0 = Debug|Any CPU
		{818801E4-7862-409A-8E92-4F66800324EB}.Debug|x86.ActiveCfg = Debug|Any CPU
		{818801E4-7862-409A-8E92-4F66800324EB}.Debug|x86.Build.0 = Debug|Any CPU
		{818801E4-7862-409A-8E92-4F66800324EB}.Release|Any CPU.ActiveCfg = Release|Any CPU
		{818801E4-7862-409A-8E92-4F66800324EB}.Release|Any CPU.Build.0 = Release|Any CPU
		{818801E4-7862-409A-8E92-4F66800324EB}.Release|ARM.ActiveCfg = Release|Any CPU
		{818801E4-7862-409A-8E92-4F66800324EB}.Release|ARM.Build.0 = Release|Any CPU
		{818801E4-7862-409A-8E92-4F66800324EB}.Release|x64.ActiveCfg = Release|Any CPU
		{818801E4-7862-409A-8E92-4F66800324EB}.Release|x64.Build.0 = Release|Any CPU
		{818801E4-7862-409A-8E92-4F66800324EB}.Release|x86.ActiveCfg = Release|Any CPU
		{818801E4-7862-409A-8E92-4F66800324EB}.Release|x86.Build.0 = Release|Any CPU
		{B4E5BAAE-27A8-456E-B0AC-3117E1E6EDDF}.Debug|Any CPU.ActiveCfg = Debug|Any CPU
		{B4E5BAAE-27A8-456E-B0AC-3117E1E6EDDF}.Debug|Any CPU.Build.0 = Debug|Any CPU
		{B4E5BAAE-27A8-456E-B0AC-3117E1E6EDDF}.Debug|ARM.ActiveCfg = Debug|Any CPU
		{B4E5BAAE-27A8-456E-B0AC-3117E1E6EDDF}.Debug|ARM.Build.0 = Debug|Any CPU
		{B4E5BAAE-27A8-456E-B0AC-3117E1E6EDDF}.Debug|x64.ActiveCfg = Debug|Any CPU
		{B4E5BAAE-27A8-456E-B0AC-3117E1E6EDDF}.Debug|x64.Build.0 = Debug|Any CPU
		{B4E5BAAE-27A8-456E-B0AC-3117E1E6EDDF}.Debug|x86.ActiveCfg = Debug|Any CPU
		{B4E5BAAE-27A8-456E-B0AC-3117E1E6EDDF}.Debug|x86.Build.0 = Debug|Any CPU
		{B4E5BAAE-27A8-456E-B0AC-3117E1E6EDDF}.Release|Any CPU.ActiveCfg = Release|Any CPU
		{B4E5BAAE-27A8-456E-B0AC-3117E1E6EDDF}.Release|Any CPU.Build.0 = Release|Any CPU
		{B4E5BAAE-27A8-456E-B0AC-3117E1E6EDDF}.Release|ARM.ActiveCfg = Release|Any CPU
		{B4E5BAAE-27A8-456E-B0AC-3117E1E6EDDF}.Release|ARM.Build.0 = Release|Any CPU
		{B4E5BAAE-27A8-456E-B0AC-3117E1E6EDDF}.Release|x64.ActiveCfg = Release|Any CPU
		{B4E5BAAE-27A8-456E-B0AC-3117E1E6EDDF}.Release|x64.Build.0 = Release|Any CPU
		{B4E5BAAE-27A8-456E-B0AC-3117E1E6EDDF}.Release|x86.ActiveCfg = Release|Any CPU
		{B4E5BAAE-27A8-456E-B0AC-3117E1E6EDDF}.Release|x86.Build.0 = Release|Any CPU
		{54ACFB38-EF59-4D5F-A652-DEA2B8ECD2B7}.Debug|Any CPU.ActiveCfg = Debug|Any CPU
		{54ACFB38-EF59-4D5F-A652-DEA2B8ECD2B7}.Debug|Any CPU.Build.0 = Debug|Any CPU
		{54ACFB38-EF59-4D5F-A652-DEA2B8ECD2B7}.Debug|ARM.ActiveCfg = Debug|Any CPU
		{54ACFB38-EF59-4D5F-A652-DEA2B8ECD2B7}.Debug|ARM.Build.0 = Debug|Any CPU
		{54ACFB38-EF59-4D5F-A652-DEA2B8ECD2B7}.Debug|x64.ActiveCfg = Debug|Any CPU
		{54ACFB38-EF59-4D5F-A652-DEA2B8ECD2B7}.Debug|x64.Build.0 = Debug|Any CPU
		{54ACFB38-EF59-4D5F-A652-DEA2B8ECD2B7}.Debug|x86.ActiveCfg = Debug|Any CPU
		{54ACFB38-EF59-4D5F-A652-DEA2B8ECD2B7}.Debug|x86.Build.0 = Debug|Any CPU
		{54ACFB38-EF59-4D5F-A652-DEA2B8ECD2B7}.Release|Any CPU.ActiveCfg = Release|Any CPU
		{54ACFB38-EF59-4D5F-A652-DEA2B8ECD2B7}.Release|Any CPU.Build.0 = Release|Any CPU
		{54ACFB38-EF59-4D5F-A652-DEA2B8ECD2B7}.Release|ARM.ActiveCfg = Release|Any CPU
		{54ACFB38-EF59-4D5F-A652-DEA2B8ECD2B7}.Release|ARM.Build.0 = Release|Any CPU
		{54ACFB38-EF59-4D5F-A652-DEA2B8ECD2B7}.Release|x64.ActiveCfg = Release|Any CPU
		{54ACFB38-EF59-4D5F-A652-DEA2B8ECD2B7}.Release|x64.Build.0 = Release|Any CPU
		{54ACFB38-EF59-4D5F-A652-DEA2B8ECD2B7}.Release|x86.ActiveCfg = Release|Any CPU
		{54ACFB38-EF59-4D5F-A652-DEA2B8ECD2B7}.Release|x86.Build.0 = Release|Any CPU
		{F63E7BC1-9E96-4FEB-98AE-FB253A5E9635}.Debug|Any CPU.ActiveCfg = Debug|Any CPU
		{F63E7BC1-9E96-4FEB-98AE-FB253A5E9635}.Debug|Any CPU.Build.0 = Debug|Any CPU
		{F63E7BC1-9E96-4FEB-98AE-FB253A5E9635}.Debug|ARM.ActiveCfg = Debug|Any CPU
		{F63E7BC1-9E96-4FEB-98AE-FB253A5E9635}.Debug|ARM.Build.0 = Debug|Any CPU
		{F63E7BC1-9E96-4FEB-98AE-FB253A5E9635}.Debug|x64.ActiveCfg = Debug|Any CPU
		{F63E7BC1-9E96-4FEB-98AE-FB253A5E9635}.Debug|x64.Build.0 = Debug|Any CPU
		{F63E7BC1-9E96-4FEB-98AE-FB253A5E9635}.Debug|x86.ActiveCfg = Debug|Any CPU
		{F63E7BC1-9E96-4FEB-98AE-FB253A5E9635}.Debug|x86.Build.0 = Debug|Any CPU
		{F63E7BC1-9E96-4FEB-98AE-FB253A5E9635}.Release|Any CPU.ActiveCfg = Release|Any CPU
		{F63E7BC1-9E96-4FEB-98AE-FB253A5E9635}.Release|Any CPU.Build.0 = Release|Any CPU
		{F63E7BC1-9E96-4FEB-98AE-FB253A5E9635}.Release|ARM.ActiveCfg = Release|Any CPU
		{F63E7BC1-9E96-4FEB-98AE-FB253A5E9635}.Release|ARM.Build.0 = Release|Any CPU
		{F63E7BC1-9E96-4FEB-98AE-FB253A5E9635}.Release|x64.ActiveCfg = Release|Any CPU
		{F63E7BC1-9E96-4FEB-98AE-FB253A5E9635}.Release|x64.Build.0 = Release|Any CPU
		{F63E7BC1-9E96-4FEB-98AE-FB253A5E9635}.Release|x86.ActiveCfg = Release|Any CPU
		{F63E7BC1-9E96-4FEB-98AE-FB253A5E9635}.Release|x86.Build.0 = Release|Any CPU
		{2CFEBF6C-582A-497E-BF28-615E29913751}.Debug|Any CPU.ActiveCfg = Debug|Any CPU
		{2CFEBF6C-582A-497E-BF28-615E29913751}.Debug|Any CPU.Build.0 = Debug|Any CPU
		{2CFEBF6C-582A-497E-BF28-615E29913751}.Debug|ARM.ActiveCfg = Debug|Any CPU
		{2CFEBF6C-582A-497E-BF28-615E29913751}.Debug|ARM.Build.0 = Debug|Any CPU
		{2CFEBF6C-582A-497E-BF28-615E29913751}.Debug|x64.ActiveCfg = Debug|Any CPU
		{2CFEBF6C-582A-497E-BF28-615E29913751}.Debug|x64.Build.0 = Debug|Any CPU
		{2CFEBF6C-582A-497E-BF28-615E29913751}.Debug|x86.ActiveCfg = Debug|Any CPU
		{2CFEBF6C-582A-497E-BF28-615E29913751}.Debug|x86.Build.0 = Debug|Any CPU
		{2CFEBF6C-582A-497E-BF28-615E29913751}.Release|Any CPU.ActiveCfg = Release|Any CPU
		{2CFEBF6C-582A-497E-BF28-615E29913751}.Release|Any CPU.Build.0 = Release|Any CPU
		{2CFEBF6C-582A-497E-BF28-615E29913751}.Release|ARM.ActiveCfg = Release|Any CPU
		{2CFEBF6C-582A-497E-BF28-615E29913751}.Release|ARM.Build.0 = Release|Any CPU
		{2CFEBF6C-582A-497E-BF28-615E29913751}.Release|x64.ActiveCfg = Release|Any CPU
		{2CFEBF6C-582A-497E-BF28-615E29913751}.Release|x64.Build.0 = Release|Any CPU
		{2CFEBF6C-582A-497E-BF28-615E29913751}.Release|x86.ActiveCfg = Release|Any CPU
		{2CFEBF6C-582A-497E-BF28-615E29913751}.Release|x86.Build.0 = Release|Any CPU
		{47BE1AD4-9546-4CB4-98EE-D3B5B7876E9E}.Debug|Any CPU.ActiveCfg = Debug|Any CPU
		{47BE1AD4-9546-4CB4-98EE-D3B5B7876E9E}.Debug|Any CPU.Build.0 = Debug|Any CPU
		{47BE1AD4-9546-4CB4-98EE-D3B5B7876E9E}.Debug|ARM.ActiveCfg = Debug|Any CPU
		{47BE1AD4-9546-4CB4-98EE-D3B5B7876E9E}.Debug|ARM.Build.0 = Debug|Any CPU
		{47BE1AD4-9546-4CB4-98EE-D3B5B7876E9E}.Debug|x64.ActiveCfg = Debug|Any CPU
		{47BE1AD4-9546-4CB4-98EE-D3B5B7876E9E}.Debug|x64.Build.0 = Debug|Any CPU
		{47BE1AD4-9546-4CB4-98EE-D3B5B7876E9E}.Debug|x86.ActiveCfg = Debug|Any CPU
		{47BE1AD4-9546-4CB4-98EE-D3B5B7876E9E}.Debug|x86.Build.0 = Debug|Any CPU
		{47BE1AD4-9546-4CB4-98EE-D3B5B7876E9E}.Release|Any CPU.ActiveCfg = Release|Any CPU
		{47BE1AD4-9546-4CB4-98EE-D3B5B7876E9E}.Release|Any CPU.Build.0 = Release|Any CPU
		{47BE1AD4-9546-4CB4-98EE-D3B5B7876E9E}.Release|ARM.ActiveCfg = Release|Any CPU
		{47BE1AD4-9546-4CB4-98EE-D3B5B7876E9E}.Release|ARM.Build.0 = Release|Any CPU
		{47BE1AD4-9546-4CB4-98EE-D3B5B7876E9E}.Release|x64.ActiveCfg = Release|Any CPU
		{47BE1AD4-9546-4CB4-98EE-D3B5B7876E9E}.Release|x64.Build.0 = Release|Any CPU
		{47BE1AD4-9546-4CB4-98EE-D3B5B7876E9E}.Release|x86.ActiveCfg = Release|Any CPU
		{47BE1AD4-9546-4CB4-98EE-D3B5B7876E9E}.Release|x86.Build.0 = Release|Any CPU
		{913569FC-7B28-432F-A29A-8ACC7A1A5FBC}.Debug|Any CPU.ActiveCfg = Debug|Any CPU
		{913569FC-7B28-432F-A29A-8ACC7A1A5FBC}.Debug|Any CPU.Build.0 = Debug|Any CPU
		{913569FC-7B28-432F-A29A-8ACC7A1A5FBC}.Debug|ARM.ActiveCfg = Debug|Any CPU
		{913569FC-7B28-432F-A29A-8ACC7A1A5FBC}.Debug|ARM.Build.0 = Debug|Any CPU
		{913569FC-7B28-432F-A29A-8ACC7A1A5FBC}.Debug|x64.ActiveCfg = Debug|Any CPU
		{913569FC-7B28-432F-A29A-8ACC7A1A5FBC}.Debug|x64.Build.0 = Debug|Any CPU
		{913569FC-7B28-432F-A29A-8ACC7A1A5FBC}.Debug|x86.ActiveCfg = Debug|Any CPU
		{913569FC-7B28-432F-A29A-8ACC7A1A5FBC}.Debug|x86.Build.0 = Debug|Any CPU
		{913569FC-7B28-432F-A29A-8ACC7A1A5FBC}.Release|Any CPU.ActiveCfg = Release|Any CPU
		{913569FC-7B28-432F-A29A-8ACC7A1A5FBC}.Release|Any CPU.Build.0 = Release|Any CPU
		{913569FC-7B28-432F-A29A-8ACC7A1A5FBC}.Release|ARM.ActiveCfg = Release|Any CPU
		{913569FC-7B28-432F-A29A-8ACC7A1A5FBC}.Release|ARM.Build.0 = Release|Any CPU
		{913569FC-7B28-432F-A29A-8ACC7A1A5FBC}.Release|x64.ActiveCfg = Release|Any CPU
		{913569FC-7B28-432F-A29A-8ACC7A1A5FBC}.Release|x64.Build.0 = Release|Any CPU
		{913569FC-7B28-432F-A29A-8ACC7A1A5FBC}.Release|x86.ActiveCfg = Release|Any CPU
		{913569FC-7B28-432F-A29A-8ACC7A1A5FBC}.Release|x86.Build.0 = Release|Any CPU
		{383E44C8-1CC9-4793-8E88-F65CAD4955CF}.Debug|Any CPU.ActiveCfg = Debug|Any CPU
		{383E44C8-1CC9-4793-8E88-F65CAD4955CF}.Debug|Any CPU.Build.0 = Debug|Any CPU
		{383E44C8-1CC9-4793-8E88-F65CAD4955CF}.Debug|ARM.ActiveCfg = Debug|Any CPU
		{383E44C8-1CC9-4793-8E88-F65CAD4955CF}.Debug|ARM.Build.0 = Debug|Any CPU
		{383E44C8-1CC9-4793-8E88-F65CAD4955CF}.Debug|x64.ActiveCfg = Debug|Any CPU
		{383E44C8-1CC9-4793-8E88-F65CAD4955CF}.Debug|x64.Build.0 = Debug|Any CPU
		{383E44C8-1CC9-4793-8E88-F65CAD4955CF}.Debug|x86.ActiveCfg = Debug|Any CPU
		{383E44C8-1CC9-4793-8E88-F65CAD4955CF}.Debug|x86.Build.0 = Debug|Any CPU
		{383E44C8-1CC9-4793-8E88-F65CAD4955CF}.Release|Any CPU.ActiveCfg = Release|Any CPU
		{383E44C8-1CC9-4793-8E88-F65CAD4955CF}.Release|Any CPU.Build.0 = Release|Any CPU
		{383E44C8-1CC9-4793-8E88-F65CAD4955CF}.Release|ARM.ActiveCfg = Release|Any CPU
		{383E44C8-1CC9-4793-8E88-F65CAD4955CF}.Release|ARM.Build.0 = Release|Any CPU
		{383E44C8-1CC9-4793-8E88-F65CAD4955CF}.Release|x64.ActiveCfg = Release|Any CPU
		{383E44C8-1CC9-4793-8E88-F65CAD4955CF}.Release|x64.Build.0 = Release|Any CPU
		{383E44C8-1CC9-4793-8E88-F65CAD4955CF}.Release|x86.ActiveCfg = Release|Any CPU
		{383E44C8-1CC9-4793-8E88-F65CAD4955CF}.Release|x86.Build.0 = Release|Any CPU
		{B96783CD-2B8A-406A-AF2C-4C4E99952B14}.Debug|Any CPU.ActiveCfg = Debug|Any CPU
		{B96783CD-2B8A-406A-AF2C-4C4E99952B14}.Debug|Any CPU.Build.0 = Debug|Any CPU
		{B96783CD-2B8A-406A-AF2C-4C4E99952B14}.Debug|ARM.ActiveCfg = Debug|Any CPU
		{B96783CD-2B8A-406A-AF2C-4C4E99952B14}.Debug|ARM.Build.0 = Debug|Any CPU
		{B96783CD-2B8A-406A-AF2C-4C4E99952B14}.Debug|x64.ActiveCfg = Debug|Any CPU
		{B96783CD-2B8A-406A-AF2C-4C4E99952B14}.Debug|x64.Build.0 = Debug|Any CPU
		{B96783CD-2B8A-406A-AF2C-4C4E99952B14}.Debug|x86.ActiveCfg = Debug|Any CPU
		{B96783CD-2B8A-406A-AF2C-4C4E99952B14}.Debug|x86.Build.0 = Debug|Any CPU
		{B96783CD-2B8A-406A-AF2C-4C4E99952B14}.Release|Any CPU.ActiveCfg = Release|Any CPU
		{B96783CD-2B8A-406A-AF2C-4C4E99952B14}.Release|Any CPU.Build.0 = Release|Any CPU
		{B96783CD-2B8A-406A-AF2C-4C4E99952B14}.Release|ARM.ActiveCfg = Release|Any CPU
		{B96783CD-2B8A-406A-AF2C-4C4E99952B14}.Release|ARM.Build.0 = Release|Any CPU
		{B96783CD-2B8A-406A-AF2C-4C4E99952B14}.Release|x64.ActiveCfg = Release|Any CPU
		{B96783CD-2B8A-406A-AF2C-4C4E99952B14}.Release|x64.Build.0 = Release|Any CPU
		{B96783CD-2B8A-406A-AF2C-4C4E99952B14}.Release|x86.ActiveCfg = Release|Any CPU
		{B96783CD-2B8A-406A-AF2C-4C4E99952B14}.Release|x86.Build.0 = Release|Any CPU
		{31802C8A-7E49-45F3-9926-FF1CD9824ADF}.Debug|Any CPU.ActiveCfg = Debug|x86
		{31802C8A-7E49-45F3-9926-FF1CD9824ADF}.Debug|ARM.ActiveCfg = Debug|ARM
		{31802C8A-7E49-45F3-9926-FF1CD9824ADF}.Debug|ARM.Build.0 = Debug|ARM
		{31802C8A-7E49-45F3-9926-FF1CD9824ADF}.Debug|ARM.Deploy.0 = Debug|ARM
		{31802C8A-7E49-45F3-9926-FF1CD9824ADF}.Debug|x64.ActiveCfg = Debug|x64
		{31802C8A-7E49-45F3-9926-FF1CD9824ADF}.Debug|x64.Build.0 = Debug|x64
		{31802C8A-7E49-45F3-9926-FF1CD9824ADF}.Debug|x64.Deploy.0 = Debug|x64
		{31802C8A-7E49-45F3-9926-FF1CD9824ADF}.Debug|x86.ActiveCfg = Debug|x86
		{31802C8A-7E49-45F3-9926-FF1CD9824ADF}.Debug|x86.Build.0 = Debug|x86
		{31802C8A-7E49-45F3-9926-FF1CD9824ADF}.Debug|x86.Deploy.0 = Debug|x86
		{31802C8A-7E49-45F3-9926-FF1CD9824ADF}.Release|Any CPU.ActiveCfg = Release|x86
		{31802C8A-7E49-45F3-9926-FF1CD9824ADF}.Release|ARM.ActiveCfg = Release|ARM
		{31802C8A-7E49-45F3-9926-FF1CD9824ADF}.Release|ARM.Build.0 = Release|ARM
		{31802C8A-7E49-45F3-9926-FF1CD9824ADF}.Release|ARM.Deploy.0 = Release|ARM
		{31802C8A-7E49-45F3-9926-FF1CD9824ADF}.Release|x64.ActiveCfg = Release|x64
		{31802C8A-7E49-45F3-9926-FF1CD9824ADF}.Release|x64.Build.0 = Release|x64
		{31802C8A-7E49-45F3-9926-FF1CD9824ADF}.Release|x64.Deploy.0 = Release|x64
		{31802C8A-7E49-45F3-9926-FF1CD9824ADF}.Release|x86.ActiveCfg = Release|x86
		{31802C8A-7E49-45F3-9926-FF1CD9824ADF}.Release|x86.Build.0 = Release|x86
		{31802C8A-7E49-45F3-9926-FF1CD9824ADF}.Release|x86.Deploy.0 = Release|x86
		{9C043913-2BB0-4481-A411-353561AFE4B8}.Debug|Any CPU.ActiveCfg = Debug|Any CPU
		{9C043913-2BB0-4481-A411-353561AFE4B8}.Debug|Any CPU.Build.0 = Debug|Any CPU
		{9C043913-2BB0-4481-A411-353561AFE4B8}.Debug|ARM.ActiveCfg = Debug|ARM
		{9C043913-2BB0-4481-A411-353561AFE4B8}.Debug|ARM.Build.0 = Debug|ARM
		{9C043913-2BB0-4481-A411-353561AFE4B8}.Debug|x64.ActiveCfg = Debug|x64
		{9C043913-2BB0-4481-A411-353561AFE4B8}.Debug|x64.Build.0 = Debug|x64
		{9C043913-2BB0-4481-A411-353561AFE4B8}.Debug|x86.ActiveCfg = Debug|x86
		{9C043913-2BB0-4481-A411-353561AFE4B8}.Debug|x86.Build.0 = Debug|x86
		{9C043913-2BB0-4481-A411-353561AFE4B8}.Release|Any CPU.ActiveCfg = Release|Any CPU
		{9C043913-2BB0-4481-A411-353561AFE4B8}.Release|Any CPU.Build.0 = Release|Any CPU
		{9C043913-2BB0-4481-A411-353561AFE4B8}.Release|ARM.ActiveCfg = Release|ARM
		{9C043913-2BB0-4481-A411-353561AFE4B8}.Release|ARM.Build.0 = Release|ARM
		{9C043913-2BB0-4481-A411-353561AFE4B8}.Release|x64.ActiveCfg = Release|x64
		{9C043913-2BB0-4481-A411-353561AFE4B8}.Release|x64.Build.0 = Release|x64
		{9C043913-2BB0-4481-A411-353561AFE4B8}.Release|x86.ActiveCfg = Release|x86
		{9C043913-2BB0-4481-A411-353561AFE4B8}.Release|x86.Build.0 = Release|x86
		{84A80AEB-ADEF-4490-93B1-5378F52094FA}.Debug|Any CPU.ActiveCfg = Debug|Any CPU
		{84A80AEB-ADEF-4490-93B1-5378F52094FA}.Debug|Any CPU.Build.0 = Debug|Any CPU
		{84A80AEB-ADEF-4490-93B1-5378F52094FA}.Debug|ARM.ActiveCfg = Debug|Any CPU
		{84A80AEB-ADEF-4490-93B1-5378F52094FA}.Debug|ARM.Build.0 = Debug|Any CPU
		{84A80AEB-ADEF-4490-93B1-5378F52094FA}.Debug|x64.ActiveCfg = Debug|Any CPU
		{84A80AEB-ADEF-4490-93B1-5378F52094FA}.Debug|x64.Build.0 = Debug|Any CPU
		{84A80AEB-ADEF-4490-93B1-5378F52094FA}.Debug|x86.ActiveCfg = Debug|Any CPU
		{84A80AEB-ADEF-4490-93B1-5378F52094FA}.Debug|x86.Build.0 = Debug|Any CPU
		{84A80AEB-ADEF-4490-93B1-5378F52094FA}.Release|Any CPU.ActiveCfg = Release|Any CPU
		{84A80AEB-ADEF-4490-93B1-5378F52094FA}.Release|Any CPU.Build.0 = Release|Any CPU
		{84A80AEB-ADEF-4490-93B1-5378F52094FA}.Release|ARM.ActiveCfg = Release|Any CPU
		{84A80AEB-ADEF-4490-93B1-5378F52094FA}.Release|ARM.Build.0 = Release|Any CPU
		{84A80AEB-ADEF-4490-93B1-5378F52094FA}.Release|x64.ActiveCfg = Release|Any CPU
		{84A80AEB-ADEF-4490-93B1-5378F52094FA}.Release|x64.Build.0 = Release|Any CPU
		{84A80AEB-ADEF-4490-93B1-5378F52094FA}.Release|x86.ActiveCfg = Release|Any CPU
		{84A80AEB-ADEF-4490-93B1-5378F52094FA}.Release|x86.Build.0 = Release|Any CPU
	EndGlobalSection
	GlobalSection(SolutionProperties) = preSolution
		HideSolutionNode = FALSE
	EndGlobalSection
	GlobalSection(NestedProjects) = preSolution
		{549F22E5-1F66-4420-89BF-9460603F9516} = {4B2AB36C-F1B4-4CB3-B94C-966BBD61ED42}
		{1E642C50-D294-4003-80AC-3D92CA92DBE3} = {F8E42D0B-BC19-43B5-BF57-0CF46AC785C5}
		{E13E88B6-23C9-40EA-B10B-B8E52541B221} = {19C5600C-235A-4B95-B57D-8EC061FF44D7}
		{85194081-752D-48FC-A240-82C9974353D4} = {E0D06BE8-1682-41C3-9E42-FD2BBC329AD1}
		{AB933947-863E-455F-ABA9-A8866EAC1894} = {4B2AB36C-F1B4-4CB3-B94C-966BBD61ED42}
		{3A25074A-351A-471E-AAF8-171A0E66F83A} = {6A07E562-52C4-4961-A976-2F8D81A050D7}
		{514CB422-A6EF-4C75-B925-92AB599BA1BE} = {4B2AB36C-F1B4-4CB3-B94C-966BBD61ED42}
		{818801E4-7862-409A-8E92-4F66800324EB} = {6A07E562-52C4-4961-A976-2F8D81A050D7}
		{B4E5BAAE-27A8-456E-B0AC-3117E1E6EDDF} = {56869A12-135A-436E-B03B-293E0454CBCE}
		{54ACFB38-EF59-4D5F-A652-DEA2B8ECD2B7} = {19C5600C-235A-4B95-B57D-8EC061FF44D7}
		{F63E7BC1-9E96-4FEB-98AE-FB253A5E9635} = {4B2AB36C-F1B4-4CB3-B94C-966BBD61ED42}
		{2CFEBF6C-582A-497E-BF28-615E29913751} = {F8E42D0B-BC19-43B5-BF57-0CF46AC785C5}
		{47BE1AD4-9546-4CB4-98EE-D3B5B7876E9E} = {19C5600C-235A-4B95-B57D-8EC061FF44D7}
		{913569FC-7B28-432F-A29A-8ACC7A1A5FBC} = {F8E42D0B-BC19-43B5-BF57-0CF46AC785C5}
		{383E44C8-1CC9-4793-8E88-F65CAD4955CF} = {E0D06BE8-1682-41C3-9E42-FD2BBC329AD1}
		{B96783CD-2B8A-406A-AF2C-4C4E99952B14} = {E0D06BE8-1682-41C3-9E42-FD2BBC329AD1}
		{31802C8A-7E49-45F3-9926-FF1CD9824ADF} = {19C5600C-235A-4B95-B57D-8EC061FF44D7}
		{9C043913-2BB0-4481-A411-353561AFE4B8} = {56869A12-135A-436E-B03B-293E0454CBCE}
		{E0D06BE8-1682-41C3-9E42-FD2BBC329AD1} = {4B2AB36C-F1B4-4CB3-B94C-966BBD61ED42}
		{6A07E562-52C4-4961-A976-2F8D81A050D7} = {4B2AB36C-F1B4-4CB3-B94C-966BBD61ED42}
		{84A80AEB-ADEF-4490-93B1-5378F52094FA} = {56869A12-135A-436E-B03B-293E0454CBCE}
	EndGlobalSection
EndGlobal
