
Microsoft Visual Studio Solution File, Format Version 12.00
# Visual Studio 14
VisualStudioVersion = 14.0.23107.0
MinimumVisualStudioVersion = 10.0.40219.1
Project("{2150E333-8FDC-42A3-9474-1A3956D46DE8}") = "Shared", "Shared", "{4B2AB36C-F1B4-4CB3-B94C-966BBD61ED42}"
EndProject
Project("{FAE04EC0-301F-11D3-BF4B-00C04F79EFBC}") = "MattEland.Ani.Alfred.Core", "MattEland.Ani.Alfred.Core\MattEland.Ani.Alfred.Core.csproj", "{549F22E5-1F66-4420-89BF-9460603F9516}"
EndProject
Project("{FAE04EC0-301F-11D3-BF4B-00C04F79EFBC}") = "AlfredTests", "MattELand.Ani.Alfred.Core.Tests\AlfredTests.csproj", "{1E642C50-D294-4003-80AC-3D92CA92DBE3}"
EndProject
Project("{2150E333-8FDC-42A3-9474-1A3956D46DE8}") = "Client", "Client", "{19C5600C-235A-4B95-B57D-8EC061FF44D7}"
EndProject
Project("{FAE04EC0-301F-11D3-BF4B-00C04F79EFBC}") = "MattEland.Ani.Alfred.WPF", "MattEland.Ani.Alfred.WPF\MattEland.Ani.Alfred.WPF.csproj", "{E13E88B6-23C9-40EA-B10B-B8E52541B221}"
EndProject
Project("{2150E333-8FDC-42A3-9474-1A3956D46DE8}") = "Solution Items", "Solution Items", "{A47042C4-F451-4062-8025-59386DAA7BF0}"
	ProjectSection(SolutionItems) = preProject
		Alfred.EAP = Alfred.EAP
		AlfredAppTestCertificate.snk = AlfredAppTestCertificate.snk
		AlfredTests.dcvr = AlfredTests.dcvr
		RunCoverage.bat = RunCoverage.bat
	EndProjectSection
EndProject
Project("{FAE04EC0-301F-11D3-BF4B-00C04F79EFBC}") = "MattEland.Ani.Alfred.Core.Modules.SysMonitor", "MattEland.Ani.Alfred.Core.System\MattEland.Ani.Alfred.Core.Modules.SysMonitor.csproj", "{85194081-752D-48FC-A240-82C9974353D4}"
EndProject
Project("{FAE04EC0-301F-11D3-BF4B-00C04F79EFBC}") = "MattEland.Ani.Alfred.Core.Speech", "MattEland.Ani.Alfred.Core.Speech\MattEland.Ani.Alfred.Core.Speech.csproj", "{AB933947-863E-455F-ABA9-A8866EAC1894}"
EndProject
Project("{FAE04EC0-301F-11D3-BF4B-00C04F79EFBC}") = "MattEland.Ani.Alfred.Chat", "MattEland.Ani.Alfred.AIML\MattEland.Ani.Alfred.Chat.csproj", "{3A25074A-351A-471E-AAF8-171A0E66F83A}"
EndProject
Project("{2150E333-8FDC-42A3-9474-1A3956D46DE8}") = "Tests", "Tests", "{F8E42D0B-BC19-43B5-BF57-0CF46AC785C5}"
	ProjectSection(SolutionItems) = preProject
		DotCoverSettings.xml = DotCoverSettings.xml
	EndProjectSection
EndProject
Project("{FAE04EC0-301F-11D3-BF4B-00C04F79EFBC}") = "MattEland.Common", "MattEland.Common\MattEland.Common.csproj", "{514CB422-A6EF-4C75-B925-92AB599BA1BE}"
EndProject
Project("{FAE04EC0-301F-11D3-BF4B-00C04F79EFBC}") = "MattEland.Ani.Alfred.Chat.Aiml", "MattEland.Ani.Alfred.Chat.Aiml\MattEland.Ani.Alfred.Chat.Aiml.csproj", "{818801E4-7862-409A-8E92-4F66800324EB}"
EndProject
Project("{FAE04EC0-301F-11D3-BF4B-00C04F79EFBC}") = "MattEland.Ani.Alfred.PresentationShared", "MattEland.Ani.Alfred.PresentationShared\MattEland.Ani.Alfred.PresentationShared.csproj", "{B4E5BAAE-27A8-456E-B0AC-3117E1E6EDDF}"
EndProject
Project("{FAE04EC0-301F-11D3-BF4B-00C04F79EFBC}") = "MattEland.Ani.Alfred.VisualStudio", "MattEland.Ani.Alfred.VisualStudio\MattEland.Ani.Alfred.VisualStudio.csproj", "{54ACFB38-EF59-4D5F-A652-DEA2B8ECD2B7}"
EndProject
Global
	GlobalSection(SolutionConfigurationPlatforms) = preSolution
		Debug|Any CPU = Debug|Any CPU
		Debug|ARM = Debug|ARM
		Debug|x64 = Debug|x64
		Debug|x86 = Debug|x86
		Release|Any CPU = Release|Any CPU
		Release|ARM = Release|ARM
		Release|x64 = Release|x64
		Release|x86 = Release|x86
	EndGlobalSection
	GlobalSection(ProjectConfigurationPlatforms) = postSolution
		{549F22E5-1F66-4420-89BF-9460603F9516}.Debug|Any CPU.ActiveCfg = Debug|Any CPU
		{549F22E5-1F66-4420-89BF-9460603F9516}.Debug|Any CPU.Build.0 = Debug|Any CPU
		{549F22E5-1F66-4420-89BF-9460603F9516}.Debug|ARM.ActiveCfg = Debug|Any CPU
		{549F22E5-1F66-4420-89BF-9460603F9516}.Debug|ARM.Build.0 = Debug|Any CPU
		{549F22E5-1F66-4420-89BF-9460603F9516}.Debug|x64.ActiveCfg = Debug|Any CPU
		{549F22E5-1F66-4420-89BF-9460603F9516}.Debug|x64.Build.0 = Debug|Any CPU
		{549F22E5-1F66-4420-89BF-9460603F9516}.Debug|x86.ActiveCfg = Debug|Any CPU
		{549F22E5-1F66-4420-89BF-9460603F9516}.Debug|x86.Build.0 = Debug|Any CPU
		{549F22E5-1F66-4420-89BF-9460603F9516}.Release|Any CPU.ActiveCfg = Release|Any CPU
		{549F22E5-1F66-4420-89BF-9460603F9516}.Release|Any CPU.Build.0 = Release|Any CPU
		{549F22E5-1F66-4420-89BF-9460603F9516}.Release|ARM.ActiveCfg = Release|Any CPU
		{549F22E5-1F66-4420-89BF-9460603F9516}.Release|ARM.Build.0 = Release|Any CPU
		{549F22E5-1F66-4420-89BF-9460603F9516}.Release|x64.ActiveCfg = Release|Any CPU
		{549F22E5-1F66-4420-89BF-9460603F9516}.Release|x64.Build.0 = Release|Any CPU
		{549F22E5-1F66-4420-89BF-9460603F9516}.Release|x86.ActiveCfg = Release|Any CPU
		{549F22E5-1F66-4420-89BF-9460603F9516}.Release|x86.Build.0 = Release|Any CPU
		{1E642C50-D294-4003-80AC-3D92CA92DBE3}.Debug|Any CPU.ActiveCfg = Debug|Any CPU
		{1E642C50-D294-4003-80AC-3D92CA92DBE3}.Debug|Any CPU.Build.0 = Debug|Any CPU
		{1E642C50-D294-4003-80AC-3D92CA92DBE3}.Debug|ARM.ActiveCfg = Debug|Any CPU
		{1E642C50-D294-4003-80AC-3D92CA92DBE3}.Debug|ARM.Build.0 = Debug|Any CPU
		{1E642C50-D294-4003-80AC-3D92CA92DBE3}.Debug|x64.ActiveCfg = Debug|Any CPU
		{1E642C50-D294-4003-80AC-3D92CA92DBE3}.Debug|x64.Build.0 = Debug|Any CPU
		{1E642C50-D294-4003-80AC-3D92CA92DBE3}.Debug|x86.ActiveCfg = Debug|Any CPU
		{1E642C50-D294-4003-80AC-3D92CA92DBE3}.Debug|x86.Build.0 = Debug|Any CPU
		{1E642C50-D294-4003-80AC-3D92CA92DBE3}.Release|Any CPU.ActiveCfg = Release|Any CPU
		{1E642C50-D294-4003-80AC-3D92CA92DBE3}.Release|Any CPU.Build.0 = Release|Any CPU
		{1E642C50-D294-4003-80AC-3D92CA92DBE3}.Release|ARM.ActiveCfg = Release|Any CPU
		{1E642C50-D294-4003-80AC-3D92CA92DBE3}.Release|ARM.Build.0 = Release|Any CPU
		{1E642C50-D294-4003-80AC-3D92CA92DBE3}.Release|x64.ActiveCfg = Release|Any CPU
		{1E642C50-D294-4003-80AC-3D92CA92DBE3}.Release|x64.Build.0 = Release|Any CPU
		{1E642C50-D294-4003-80AC-3D92CA92DBE3}.Release|x86.ActiveCfg = Release|Any CPU
		{1E642C50-D294-4003-80AC-3D92CA92DBE3}.Release|x86.Build.0 = Release|Any CPU
		{E13E88B6-23C9-40EA-B10B-B8E52541B221}.Debug|Any CPU.ActiveCfg = Debug|Any CPU
		{E13E88B6-23C9-40EA-B10B-B8E52541B221}.Debug|Any CPU.Build.0 = Debug|Any CPU
		{E13E88B6-23C9-40EA-B10B-B8E52541B221}.Debug|ARM.ActiveCfg = Debug|Any CPU
		{E13E88B6-23C9-40EA-B10B-B8E52541B221}.Debug|ARM.Build.0 = Debug|Any CPU
		{E13E88B6-23C9-40EA-B10B-B8E52541B221}.Debug|x64.ActiveCfg = Debug|Any CPU
		{E13E88B6-23C9-40EA-B10B-B8E52541B221}.Debug|x64.Build.0 = Debug|Any CPU
		{E13E88B6-23C9-40EA-B10B-B8E52541B221}.Debug|x86.ActiveCfg = Debug|Any CPU
		{E13E88B6-23C9-40EA-B10B-B8E52541B221}.Debug|x86.Build.0 = Debug|Any CPU
		{E13E88B6-23C9-40EA-B10B-B8E52541B221}.Release|Any CPU.ActiveCfg = Release|Any CPU
		{E13E88B6-23C9-40EA-B10B-B8E52541B221}.Release|Any CPU.Build.0 = Release|Any CPU
		{E13E88B6-23C9-40EA-B10B-B8E52541B221}.Release|ARM.ActiveCfg = Release|Any CPU
		{E13E88B6-23C9-40EA-B10B-B8E52541B221}.Release|ARM.Build.0 = Release|Any CPU
		{E13E88B6-23C9-40EA-B10B-B8E52541B221}.Release|x64.ActiveCfg = Release|Any CPU
		{E13E88B6-23C9-40EA-B10B-B8E52541B221}.Release|x64.Build.0 = Release|Any CPU
		{E13E88B6-23C9-40EA-B10B-B8E52541B221}.Release|x86.ActiveCfg = Release|Any CPU
		{E13E88B6-23C9-40EA-B10B-B8E52541B221}.Release|x86.Build.0 = Release|Any CPU
		{85194081-752D-48FC-A240-82C9974353D4}.Debug|Any CPU.ActiveCfg = Debug|Any CPU
		{85194081-752D-48FC-A240-82C9974353D4}.Debug|Any CPU.Build.0 = Debug|Any CPU
		{85194081-752D-48FC-A240-82C9974353D4}.Debug|ARM.ActiveCfg = Debug|Any CPU
		{85194081-752D-48FC-A240-82C9974353D4}.Debug|ARM.Build.0 = Debug|Any CPU
		{85194081-752D-48FC-A240-82C9974353D4}.Debug|x64.ActiveCfg = Debug|Any CPU
		{85194081-752D-48FC-A240-82C9974353D4}.Debug|x64.Build.0 = Debug|Any CPU
		{85194081-752D-48FC-A240-82C9974353D4}.Debug|x86.ActiveCfg = Debug|Any CPU
		{85194081-752D-48FC-A240-82C9974353D4}.Debug|x86.Build.0 = Debug|Any CPU
		{85194081-752D-48FC-A240-82C9974353D4}.Release|Any CPU.ActiveCfg = Release|Any CPU
		{85194081-752D-48FC-A240-82C9974353D4}.Release|Any CPU.Build.0 = Release|Any CPU
		{85194081-752D-48FC-A240-82C9974353D4}.Release|ARM.ActiveCfg = Release|Any CPU
		{85194081-752D-48FC-A240-82C9974353D4}.Release|ARM.Build.0 = Release|Any CPU
		{85194081-752D-48FC-A240-82C9974353D4}.Release|x64.ActiveCfg = Release|Any CPU
		{85194081-752D-48FC-A240-82C9974353D4}.Release|x64.Build.0 = Release|Any CPU
		{85194081-752D-48FC-A240-82C9974353D4}.Release|x86.ActiveCfg = Release|Any CPU
		{85194081-752D-48FC-A240-82C9974353D4}.Release|x86.Build.0 = Release|Any CPU
		{AB933947-863E-455F-ABA9-A8866EAC1894}.Debug|Any CPU.ActiveCfg = Debug|Any CPU
		{AB933947-863E-455F-ABA9-A8866EAC1894}.Debug|Any CPU.Build.0 = Debug|Any CPU
		{AB933947-863E-455F-ABA9-A8866EAC1894}.Debug|ARM.ActiveCfg = Debug|Any CPU
		{AB933947-863E-455F-ABA9-A8866EAC1894}.Debug|ARM.Build.0 = Debug|Any CPU
		{AB933947-863E-455F-ABA9-A8866EAC1894}.Debug|x64.ActiveCfg = Debug|Any CPU
		{AB933947-863E-455F-ABA9-A8866EAC1894}.Debug|x64.Build.0 = Debug|Any CPU
		{AB933947-863E-455F-ABA9-A8866EAC1894}.Debug|x86.ActiveCfg = Debug|Any CPU
		{AB933947-863E-455F-ABA9-A8866EAC1894}.Debug|x86.Build.0 = Debug|Any CPU
		{AB933947-863E-455F-ABA9-A8866EAC1894}.Release|Any CPU.ActiveCfg = Release|Any CPU
		{AB933947-863E-455F-ABA9-A8866EAC1894}.Release|Any CPU.Build.0 = Release|Any CPU
		{AB933947-863E-455F-ABA9-A8866EAC1894}.Release|ARM.ActiveCfg = Release|Any CPU
		{AB933947-863E-455F-ABA9-A8866EAC1894}.Release|ARM.Build.0 = Release|Any CPU
		{AB933947-863E-455F-ABA9-A8866EAC1894}.Release|x64.ActiveCfg = Release|Any CPU
		{AB933947-863E-455F-ABA9-A8866EAC1894}.Release|x64.Build.0 = Release|Any CPU
		{AB933947-863E-455F-ABA9-A8866EAC1894}.Release|x86.ActiveCfg = Release|Any CPU
		{AB933947-863E-455F-ABA9-A8866EAC1894}.Release|x86.Build.0 = Release|Any CPU
		{3A25074A-351A-471E-AAF8-171A0E66F83A}.Debug|Any CPU.ActiveCfg = Debug|Any CPU
		{3A25074A-351A-471E-AAF8-171A0E66F83A}.Debug|Any CPU.Build.0 = Debug|Any CPU
		{3A25074A-351A-471E-AAF8-171A0E66F83A}.Debug|ARM.ActiveCfg = Debug|Any CPU
		{3A25074A-351A-471E-AAF8-171A0E66F83A}.Debug|ARM.Build.0 = Debug|Any CPU
		{3A25074A-351A-471E-AAF8-171A0E66F83A}.Debug|x64.ActiveCfg = Debug|Any CPU
		{3A25074A-351A-471E-AAF8-171A0E66F83A}.Debug|x64.Build.0 = Debug|Any CPU
		{3A25074A-351A-471E-AAF8-171A0E66F83A}.Debug|x86.ActiveCfg = Debug|Any CPU
		{3A25074A-351A-471E-AAF8-171A0E66F83A}.Debug|x86.Build.0 = Debug|Any CPU
		{3A25074A-351A-471E-AAF8-171A0E66F83A}.Release|Any CPU.ActiveCfg = Release|Any CPU
		{3A25074A-351A-471E-AAF8-171A0E66F83A}.Release|Any CPU.Build.0 = Release|Any CPU
		{3A25074A-351A-471E-AAF8-171A0E66F83A}.Release|ARM.ActiveCfg = Release|Any CPU
		{3A25074A-351A-471E-AAF8-171A0E66F83A}.Release|ARM.Build.0 = Release|Any CPU
		{3A25074A-351A-471E-AAF8-171A0E66F83A}.Release|x64.ActiveCfg = Release|Any CPU
		{3A25074A-351A-471E-AAF8-171A0E66F83A}.Release|x64.Build.0 = Release|Any CPU
		{3A25074A-351A-471E-AAF8-171A0E66F83A}.Release|x86.ActiveCfg = Release|Any CPU
		{3A25074A-351A-471E-AAF8-171A0E66F83A}.Release|x86.Build.0 = Release|Any CPU
		{514CB422-A6EF-4C75-B925-92AB599BA1BE}.Debug|Any CPU.ActiveCfg = Debug|Any CPU
		{514CB422-A6EF-4C75-B925-92AB599BA1BE}.Debug|Any CPU.Build.0 = Debug|Any CPU
		{514CB422-A6EF-4C75-B925-92AB599BA1BE}.Debug|ARM.ActiveCfg = Debug|Any CPU
		{514CB422-A6EF-4C75-B925-92AB599BA1BE}.Debug|ARM.Build.0 = Debug|Any CPU
		{514CB422-A6EF-4C75-B925-92AB599BA1BE}.Debug|x64.ActiveCfg = Debug|Any CPU
		{514CB422-A6EF-4C75-B925-92AB599BA1BE}.Debug|x64.Build.0 = Debug|Any CPU
		{514CB422-A6EF-4C75-B925-92AB599BA1BE}.Debug|x86.ActiveCfg = Debug|Any CPU
		{514CB422-A6EF-4C75-B925-92AB599BA1BE}.Debug|x86.Build.0 = Debug|Any CPU
		{514CB422-A6EF-4C75-B925-92AB599BA1BE}.Release|Any CPU.ActiveCfg = Release|Any CPU
		{514CB422-A6EF-4C75-B925-92AB599BA1BE}.Release|Any CPU.Build.0 = Release|Any CPU
		{514CB422-A6EF-4C75-B925-92AB599BA1BE}.Release|ARM.ActiveCfg = Release|Any CPU
		{514CB422-A6EF-4C75-B925-92AB599BA1BE}.Release|ARM.Build.0 = Release|Any CPU
		{514CB422-A6EF-4C75-B925-92AB599BA1BE}.Release|x64.ActiveCfg = Release|Any CPU
		{514CB422-A6EF-4C75-B925-92AB599BA1BE}.Release|x64.Build.0 = Release|Any CPU
		{514CB422-A6EF-4C75-B925-92AB599BA1BE}.Release|x86.ActiveCfg = Release|Any CPU
		{514CB422-A6EF-4C75-B925-92AB599BA1BE}.Release|x86.Build.0 = Release|Any CPU
		{818801E4-7862-409A-8E92-4F66800324EB}.Debug|Any CPU.ActiveCfg = Debug|Any CPU
		{818801E4-7862-409A-8E92-4F66800324EB}.Debug|Any CPU.Build.0 = Debug|Any CPU
		{818801E4-7862-409A-8E92-4F66800324EB}.Debug|ARM.ActiveCfg = Debug|Any CPU
		{818801E4-7862-409A-8E92-4F66800324EB}.Debug|ARM.Build.0 = Debug|Any CPU
		{818801E4-7862-409A-8E92-4F66800324EB}.Debug|x64.ActiveCfg = Debug|Any CPU
		{818801E4-7862-409A-8E92-4F66800324EB}.Debug|x64.Build.0 = Debug|Any CPU
		{818801E4-7862-409A-8E92-4F66800324EB}.Debug|x86.ActiveCfg = Debug|Any CPU
		{818801E4-7862-409A-8E92-4F66800324EB}.Debug|x86.Build.0 = Debug|Any CPU
		{818801E4-7862-409A-8E92-4F66800324EB}.Release|Any CPU.ActiveCfg = Release|Any CPU
		{818801E4-7862-409A-8E92-4F66800324EB}.Release|Any CPU.Build.0 = Release|Any CPU
		{818801E4-7862-409A-8E92-4F66800324EB}.Release|ARM.ActiveCfg = Release|Any CPU
		{818801E4-7862-409A-8E92-4F66800324EB}.Release|ARM.Build.0 = Release|Any CPU
		{818801E4-7862-409A-8E92-4F66800324EB}.Release|x64.ActiveCfg = Release|Any CPU
		{818801E4-7862-409A-8E92-4F66800324EB}.Release|x64.Build.0 = Release|Any CPU
		{818801E4-7862-409A-8E92-4F66800324EB}.Release|x86.ActiveCfg = Release|Any CPU
		{818801E4-7862-409A-8E92-4F66800324EB}.Release|x86.Build.0 = Release|Any CPU
		{B4E5BAAE-27A8-456E-B0AC-3117E1E6EDDF}.Debug|Any CPU.ActiveCfg = Debug|Any CPU
		{B4E5BAAE-27A8-456E-B0AC-3117E1E6EDDF}.Debug|Any CPU.Build.0 = Debug|Any CPU
		{B4E5BAAE-27A8-456E-B0AC-3117E1E6EDDF}.Debug|ARM.ActiveCfg = Debug|Any CPU
		{B4E5BAAE-27A8-456E-B0AC-3117E1E6EDDF}.Debug|ARM.Build.0 = Debug|Any CPU
		{B4E5BAAE-27A8-456E-B0AC-3117E1E6EDDF}.Debug|x64.ActiveCfg = Debug|Any CPU
		{B4E5BAAE-27A8-456E-B0AC-3117E1E6EDDF}.Debug|x64.Build.0 = Debug|Any CPU
		{B4E5BAAE-27A8-456E-B0AC-3117E1E6EDDF}.Debug|x86.ActiveCfg = Debug|Any CPU
		{B4E5BAAE-27A8-456E-B0AC-3117E1E6EDDF}.Debug|x86.Build.0 = Debug|Any CPU
		{B4E5BAAE-27A8-456E-B0AC-3117E1E6EDDF}.Release|Any CPU.ActiveCfg = Release|Any CPU
		{B4E5BAAE-27A8-456E-B0AC-3117E1E6EDDF}.Release|Any CPU.Build.0 = Release|Any CPU
		{B4E5BAAE-27A8-456E-B0AC-3117E1E6EDDF}.Release|ARM.ActiveCfg = Release|Any CPU
		{B4E5BAAE-27A8-456E-B0AC-3117E1E6EDDF}.Release|ARM.Build.0 = Release|Any CPU
		{B4E5BAAE-27A8-456E-B0AC-3117E1E6EDDF}.Release|x64.ActiveCfg = Release|Any CPU
		{B4E5BAAE-27A8-456E-B0AC-3117E1E6EDDF}.Release|x64.Build.0 = Release|Any CPU
		{B4E5BAAE-27A8-456E-B0AC-3117E1E6EDDF}.Release|x86.ActiveCfg = Release|Any CPU
		{B4E5BAAE-27A8-456E-B0AC-3117E1E6EDDF}.Release|x86.Build.0 = Release|Any CPU
		{54ACFB38-EF59-4D5F-A652-DEA2B8ECD2B7}.Debug|Any CPU.ActiveCfg = Debug|Any CPU
		{54ACFB38-EF59-4D5F-A652-DEA2B8ECD2B7}.Debug|Any CPU.Build.0 = Debug|Any CPU
		{54ACFB38-EF59-4D5F-A652-DEA2B8ECD2B7}.Debug|ARM.ActiveCfg = Debug|Any CPU
		{54ACFB38-EF59-4D5F-A652-DEA2B8ECD2B7}.Debug|ARM.Build.0 = Debug|Any CPU
		{54ACFB38-EF59-4D5F-A652-DEA2B8ECD2B7}.Debug|x64.ActiveCfg = Debug|Any CPU
		{54ACFB38-EF59-4D5F-A652-DEA2B8ECD2B7}.Debug|x64.Build.0 = Debug|Any CPU
		{54ACFB38-EF59-4D5F-A652-DEA2B8ECD2B7}.Debug|x86.ActiveCfg = Debug|Any CPU
		{54ACFB38-EF59-4D5F-A652-DEA2B8ECD2B7}.Debug|x86.Build.0 = Debug|Any CPU
		{54ACFB38-EF59-4D5F-A652-DEA2B8ECD2B7}.Release|Any CPU.ActiveCfg = Release|Any CPU
		{54ACFB38-EF59-4D5F-A652-DEA2B8ECD2B7}.Release|Any CPU.Build.0 = Release|Any CPU
		{54ACFB38-EF59-4D5F-A652-DEA2B8ECD2B7}.Release|ARM.ActiveCfg = Release|Any CPU
		{54ACFB38-EF59-4D5F-A652-DEA2B8ECD2B7}.Release|ARM.Build.0 = Release|Any CPU
		{54ACFB38-EF59-4D5F-A652-DEA2B8ECD2B7}.Release|x64.ActiveCfg = Release|Any CPU
		{54ACFB38-EF59-4D5F-A652-DEA2B8ECD2B7}.Release|x64.Build.0 = Release|Any CPU
		{54ACFB38-EF59-4D5F-A652-DEA2B8ECD2B7}.Release|x86.ActiveCfg = Release|Any CPU
		{54ACFB38-EF59-4D5F-A652-DEA2B8ECD2B7}.Release|x86.Build.0 = Release|Any CPU
	EndGlobalSection
	GlobalSection(SolutionProperties) = preSolution
		HideSolutionNode = FALSE
	EndGlobalSection
	GlobalSection(NestedProjects) = preSolution
		{549F22E5-1F66-4420-89BF-9460603F9516} = {4B2AB36C-F1B4-4CB3-B94C-966BBD61ED42}
		{1E642C50-D294-4003-80AC-3D92CA92DBE3} = {F8E42D0B-BC19-43B5-BF57-0CF46AC785C5}
		{E13E88B6-23C9-40EA-B10B-B8E52541B221} = {19C5600C-235A-4B95-B57D-8EC061FF44D7}
		{85194081-752D-48FC-A240-82C9974353D4} = {4B2AB36C-F1B4-4CB3-B94C-966BBD61ED42}
		{AB933947-863E-455F-ABA9-A8866EAC1894} = {4B2AB36C-F1B4-4CB3-B94C-966BBD61ED42}
		{3A25074A-351A-471E-AAF8-171A0E66F83A} = {4B2AB36C-F1B4-4CB3-B94C-966BBD61ED42}
		{514CB422-A6EF-4C75-B925-92AB599BA1BE} = {4B2AB36C-F1B4-4CB3-B94C-966BBD61ED42}
		{818801E4-7862-409A-8E92-4F66800324EB} = {4B2AB36C-F1B4-4CB3-B94C-966BBD61ED42}
		{B4E5BAAE-27A8-456E-B0AC-3117E1E6EDDF} = {4B2AB36C-F1B4-4CB3-B94C-966BBD61ED42}
		{54ACFB38-EF59-4D5F-A652-DEA2B8ECD2B7} = {19C5600C-235A-4B95-B57D-8EC061FF44D7}
	EndGlobalSection
EndGlobal
