
Microsoft Visual Studio Solution File, Format Version 12.00
# Visual Studio 14
VisualStudioVersion = 14.0.23107.0
MinimumVisualStudioVersion = 10.0.40219.1
Project("{2150E333-8FDC-42A3-9474-1A3956D46DE8}") = "Shared", "Shared", "{4B2AB36C-F1B4-4CB3-B94C-966BBD61ED42}"
EndProject
Project("{FAE04EC0-301F-11D3-BF4B-00C04F79EFBC}") = "MattEland.Ani.Alfred.Core", "MattEland.Ani.Alfred.Core\MattEland.Ani.Alfred.Core.csproj", "{549F22E5-1F66-4420-89BF-9460603F9516}"
EndProject
Project("{FAE04EC0-301F-11D3-BF4B-00C04F79EFBC}") = "MattEland.Ani.Alfred.Core.Tests", "MattELand.Ani.Alfred.Core.Tests\MattEland.Ani.Alfred.Core.Tests.csproj", "{1E642C50-D294-4003-80AC-3D92CA92DBE3}"
EndProject
Project("{2150E333-8FDC-42A3-9474-1A3956D46DE8}") = "Client", "Client", "{19C5600C-235A-4B95-B57D-8EC061FF44D7}"
EndProject
Project("{FAE04EC0-301F-11D3-BF4B-00C04F79EFBC}") = "MattEland.Ani.Alfred.WPF", "MattEland.Ani.Alfred.WPF\MattEland.Ani.Alfred.WPF.csproj", "{E13E88B6-23C9-40EA-B10B-B8E52541B221}"
EndProject
Project("{FAE04EC0-301F-11D3-BF4B-00C04F79EFBC}") = "MattEland.Ani.Alfred.Win8", "MattEland.Ani.Alfred.Win8\MattEland.Ani.Alfred.Win8.csproj", "{4F51B1F7-E903-411A-9C58-E45760CFFB04}"
EndProject
Project("{2150E333-8FDC-42A3-9474-1A3956D46DE8}") = "Solution Items", "Solution Items", "{A47042C4-F451-4062-8025-59386DAA7BF0}"
	ProjectSection(SolutionItems) = preProject
		Alfred.EAP = Alfred.EAP
		Alfred.ndproj = Alfred.ndproj
		AlfredTests.dcvr = AlfredTests.dcvr
	EndProjectSection
EndProject
Global
	GlobalSection(SolutionConfigurationPlatforms) = preSolution
		Debug|Any CPU = Debug|Any CPU
		Debug|ARM = Debug|ARM
		Debug|x64 = Debug|x64
		Debug|x86 = Debug|x86
		Release|Any CPU = Release|Any CPU
		Release|ARM = Release|ARM
		Release|x64 = Release|x64
		Release|x86 = Release|x86
	EndGlobalSection
	GlobalSection(ProjectConfigurationPlatforms) = postSolution
		{549F22E5-1F66-4420-89BF-9460603F9516}.Debug|Any CPU.ActiveCfg = Debug|Any CPU
		{549F22E5-1F66-4420-89BF-9460603F9516}.Debug|Any CPU.Build.0 = Debug|Any CPU
		{549F22E5-1F66-4420-89BF-9460603F9516}.Debug|ARM.ActiveCfg = Debug|Any CPU
		{549F22E5-1F66-4420-89BF-9460603F9516}.Debug|ARM.Build.0 = Debug|Any CPU
		{549F22E5-1F66-4420-89BF-9460603F9516}.Debug|x64.ActiveCfg = Debug|Any CPU
		{549F22E5-1F66-4420-89BF-9460603F9516}.Debug|x64.Build.0 = Debug|Any CPU
		{549F22E5-1F66-4420-89BF-9460603F9516}.Debug|x86.ActiveCfg = Debug|Any CPU
		{549F22E5-1F66-4420-89BF-9460603F9516}.Debug|x86.Build.0 = Debug|Any CPU
		{549F22E5-1F66-4420-89BF-9460603F9516}.Release|Any CPU.ActiveCfg = Release|Any CPU
		{549F22E5-1F66-4420-89BF-9460603F9516}.Release|Any CPU.Build.0 = Release|Any CPU
		{549F22E5-1F66-4420-89BF-9460603F9516}.Release|ARM.ActiveCfg = Release|Any CPU
		{549F22E5-1F66-4420-89BF-9460603F9516}.Release|ARM.Build.0 = Release|Any CPU
		{549F22E5-1F66-4420-89BF-9460603F9516}.Release|x64.ActiveCfg = Release|Any CPU
		{549F22E5-1F66-4420-89BF-9460603F9516}.Release|x64.Build.0 = Release|Any CPU
		{549F22E5-1F66-4420-89BF-9460603F9516}.Release|x86.ActiveCfg = Release|Any CPU
		{549F22E5-1F66-4420-89BF-9460603F9516}.Release|x86.Build.0 = Release|Any CPU
		{1E642C50-D294-4003-80AC-3D92CA92DBE3}.Debug|Any CPU.ActiveCfg = Debug|Any CPU
		{1E642C50-D294-4003-80AC-3D92CA92DBE3}.Debug|Any CPU.Build.0 = Debug|Any CPU
		{1E642C50-D294-4003-80AC-3D92CA92DBE3}.Debug|ARM.ActiveCfg = Debug|Any CPU
		{1E642C50-D294-4003-80AC-3D92CA92DBE3}.Debug|ARM.Build.0 = Debug|Any CPU
		{1E642C50-D294-4003-80AC-3D92CA92DBE3}.Debug|x64.ActiveCfg = Debug|Any CPU
		{1E642C50-D294-4003-80AC-3D92CA92DBE3}.Debug|x64.Build.0 = Debug|Any CPU
		{1E642C50-D294-4003-80AC-3D92CA92DBE3}.Debug|x86.ActiveCfg = Debug|Any CPU
		{1E642C50-D294-4003-80AC-3D92CA92DBE3}.Debug|x86.Build.0 = Debug|Any CPU
		{1E642C50-D294-4003-80AC-3D92CA92DBE3}.Release|Any CPU.ActiveCfg = Release|Any CPU
		{1E642C50-D294-4003-80AC-3D92CA92DBE3}.Release|Any CPU.Build.0 = Release|Any CPU
		{1E642C50-D294-4003-80AC-3D92CA92DBE3}.Release|ARM.ActiveCfg = Release|Any CPU
		{1E642C50-D294-4003-80AC-3D92CA92DBE3}.Release|ARM.Build.0 = Release|Any CPU
		{1E642C50-D294-4003-80AC-3D92CA92DBE3}.Release|x64.ActiveCfg = Release|Any CPU
		{1E642C50-D294-4003-80AC-3D92CA92DBE3}.Release|x64.Build.0 = Release|Any CPU
		{1E642C50-D294-4003-80AC-3D92CA92DBE3}.Release|x86.ActiveCfg = Release|Any CPU
		{1E642C50-D294-4003-80AC-3D92CA92DBE3}.Release|x86.Build.0 = Release|Any CPU
		{E13E88B6-23C9-40EA-B10B-B8E52541B221}.Debug|Any CPU.ActiveCfg = Debug|Any CPU
		{E13E88B6-23C9-40EA-B10B-B8E52541B221}.Debug|Any CPU.Build.0 = Debug|Any CPU
		{E13E88B6-23C9-40EA-B10B-B8E52541B221}.Debug|ARM.ActiveCfg = Debug|Any CPU
		{E13E88B6-23C9-40EA-B10B-B8E52541B221}.Debug|ARM.Build.0 = Debug|Any CPU
		{E13E88B6-23C9-40EA-B10B-B8E52541B221}.Debug|x64.ActiveCfg = Debug|Any CPU
		{E13E88B6-23C9-40EA-B10B-B8E52541B221}.Debug|x64.Build.0 = Debug|Any CPU
		{E13E88B6-23C9-40EA-B10B-B8E52541B221}.Debug|x86.ActiveCfg = Debug|Any CPU
		{E13E88B6-23C9-40EA-B10B-B8E52541B221}.Debug|x86.Build.0 = Debug|Any CPU
		{E13E88B6-23C9-40EA-B10B-B8E52541B221}.Release|Any CPU.ActiveCfg = Release|Any CPU
		{E13E88B6-23C9-40EA-B10B-B8E52541B221}.Release|Any CPU.Build.0 = Release|Any CPU
		{E13E88B6-23C9-40EA-B10B-B8E52541B221}.Release|ARM.ActiveCfg = Release|Any CPU
		{E13E88B6-23C9-40EA-B10B-B8E52541B221}.Release|ARM.Build.0 = Release|Any CPU
		{E13E88B6-23C9-40EA-B10B-B8E52541B221}.Release|x64.ActiveCfg = Release|Any CPU
		{E13E88B6-23C9-40EA-B10B-B8E52541B221}.Release|x64.Build.0 = Release|Any CPU
		{E13E88B6-23C9-40EA-B10B-B8E52541B221}.Release|x86.ActiveCfg = Release|Any CPU
		{E13E88B6-23C9-40EA-B10B-B8E52541B221}.Release|x86.Build.0 = Release|Any CPU
		{4F51B1F7-E903-411A-9C58-E45760CFFB04}.Debug|Any CPU.ActiveCfg = Debug|Any CPU
		{4F51B1F7-E903-411A-9C58-E45760CFFB04}.Debug|Any CPU.Build.0 = Debug|Any CPU
		{4F51B1F7-E903-411A-9C58-E45760CFFB04}.Debug|Any CPU.Deploy.0 = Debug|Any CPU
		{4F51B1F7-E903-411A-9C58-E45760CFFB04}.Debug|ARM.ActiveCfg = Debug|ARM
		{4F51B1F7-E903-411A-9C58-E45760CFFB04}.Debug|ARM.Build.0 = Debug|ARM
		{4F51B1F7-E903-411A-9C58-E45760CFFB04}.Debug|ARM.Deploy.0 = Debug|ARM
		{4F51B1F7-E903-411A-9C58-E45760CFFB04}.Debug|x64.ActiveCfg = Debug|x64
		{4F51B1F7-E903-411A-9C58-E45760CFFB04}.Debug|x64.Build.0 = Debug|x64
		{4F51B1F7-E903-411A-9C58-E45760CFFB04}.Debug|x64.Deploy.0 = Debug|x64
		{4F51B1F7-E903-411A-9C58-E45760CFFB04}.Debug|x86.ActiveCfg = Debug|x86
		{4F51B1F7-E903-411A-9C58-E45760CFFB04}.Debug|x86.Build.0 = Debug|x86
		{4F51B1F7-E903-411A-9C58-E45760CFFB04}.Debug|x86.Deploy.0 = Debug|x86
		{4F51B1F7-E903-411A-9C58-E45760CFFB04}.Release|Any CPU.ActiveCfg = Release|Any CPU
		{4F51B1F7-E903-411A-9C58-E45760CFFB04}.Release|Any CPU.Build.0 = Release|Any CPU
		{4F51B1F7-E903-411A-9C58-E45760CFFB04}.Release|Any CPU.Deploy.0 = Release|Any CPU
		{4F51B1F7-E903-411A-9C58-E45760CFFB04}.Release|ARM.ActiveCfg = Release|ARM
		{4F51B1F7-E903-411A-9C58-E45760CFFB04}.Release|ARM.Build.0 = Release|ARM
		{4F51B1F7-E903-411A-9C58-E45760CFFB04}.Release|ARM.Deploy.0 = Release|ARM
		{4F51B1F7-E903-411A-9C58-E45760CFFB04}.Release|x64.ActiveCfg = Release|x64
		{4F51B1F7-E903-411A-9C58-E45760CFFB04}.Release|x64.Build.0 = Release|x64
		{4F51B1F7-E903-411A-9C58-E45760CFFB04}.Release|x64.Deploy.0 = Release|x64
		{4F51B1F7-E903-411A-9C58-E45760CFFB04}.Release|x86.ActiveCfg = Release|x86
		{4F51B1F7-E903-411A-9C58-E45760CFFB04}.Release|x86.Build.0 = Release|x86
		{4F51B1F7-E903-411A-9C58-E45760CFFB04}.Release|x86.Deploy.0 = Release|x86
	EndGlobalSection
	GlobalSection(SolutionProperties) = preSolution
		HideSolutionNode = FALSE
	EndGlobalSection
	GlobalSection(NestedProjects) = preSolution
		{549F22E5-1F66-4420-89BF-9460603F9516} = {4B2AB36C-F1B4-4CB3-B94C-966BBD61ED42}
		{1E642C50-D294-4003-80AC-3D92CA92DBE3} = {4B2AB36C-F1B4-4CB3-B94C-966BBD61ED42}
		{E13E88B6-23C9-40EA-B10B-B8E52541B221} = {19C5600C-235A-4B95-B57D-8EC061FF44D7}
		{4F51B1F7-E903-411A-9C58-E45760CFFB04} = {19C5600C-235A-4B95-B57D-8EC061FF44D7}
	EndGlobalSection
EndGlobal
